{
  "requires": true,
  "lockfileVersion": 1,
  "dependencies": {
    "async-validator": {
      "version": "1.11.2",
      "resolved": "https://registry.npmjs.org/async-validator/-/async-validator-1.11.2.tgz",
      "integrity": "sha512-KVbL4jU6ZRJA82D69oOCoyKqr99emuKNvG0axH3XpGZh0xy1wDHpdH4cGzvwJ9nXAM0j7k/waBId16CQVI8dlw==",
      "requires": {
        "babel-runtime": "6.x"
      }
    },
    "babel-runtime": {
      "version": "6.26.0",
      "resolved": "https://registry.npmjs.org/babel-runtime/-/babel-runtime-6.26.0.tgz",
      "integrity": "sha1-llxwWGaOgrVde/4E/yM3vItWR/4=",
      "requires": {
        "core-js": "^2.4.0",
        "regenerator-runtime": "^0.11.0"
      }
    },
    "batch-processor": {
      "version": "1.0.0",
      "resolved": "https://registry.npmjs.org/batch-processor/-/batch-processor-1.0.0.tgz",
      "integrity": "sha1-dclcMrdI4IUNEMKxaPa9vpiRrOg="
    },
    "big.js": {
      "version": "5.2.2",
      "resolved": "https://registry.npmjs.org/big.js/-/big.js-5.2.2.tgz",
      "integrity": "sha512-vyL2OymJxmarO8gxMr0mhChsO9QGwhynfuu4+MHTAW6czfq9humCB7rKpUjDd9YUiDPU4mzpyupFSvOClAwbmQ=="
    },
    "core-js": {
      "version": "2.6.5",
      "resolved": "https://registry.npmjs.org/core-js/-/core-js-2.6.5.tgz",
      "integrity": "sha512-klh/kDpwX8hryYL14M9w/xei6vrv6sE8gTHDG7/T/+SEovB/G4ejwcfE/CBzO6Edsu+OETZMZ3wcX/EjUkrl5A=="
    },
    "deepmerge": {
      "version": "2.2.1",
      "resolved": "https://registry.npmjs.org/deepmerge/-/deepmerge-2.2.1.tgz",
      "integrity": "sha512-R9hc1Xa/NOBi9WRVUWg19rl1UB7Tt4kuPd+thNJgFZoxXsTz7ncaPaeIm+40oSGuP33DfMb4sZt1QIGiJzC4EA=="
    },
    "element-resize-detector": {
      "version": "1.2.0",
      "resolved": "https://registry.npmjs.org/element-resize-detector/-/element-resize-detector-1.2.0.tgz",
      "integrity": "sha512-UmhNB8sIJVZeg56gEjgmMd6p37sCg8j8trVW0LZM7Wzv+kxQ5CnRHcgRKBTB/kFUSn3e7UP59kl2V2U8Du1hmg==",
      "requires": {
        "batch-processor": "1.0.0"
      }
    },
    "emojis-list": {
      "version": "2.1.0",
      "resolved": "https://registry.npmjs.org/emojis-list/-/emojis-list-2.1.0.tgz",
      "integrity": "sha1-TapNnbAPmBmIDHn6RXrlsJof04k="
    },
    "iview": {
      "version": "3.4.1",
      "resolved": "https://registry.npmjs.org/iview/-/iview-3.4.1.tgz",
      "integrity": "sha512-BzjtNj1yiIcbNTc4l80l1KZYjRDNMXuLb1KItw4wePpyoFk4ldDYUUftiltSkQsdWedT5ObZH2yQgnxGXfZmGA==",
      "requires": {
        "async-validator": "^1.10.0",
        "deepmerge": "^2.2.1",
        "element-resize-detector": "^1.2.0",
        "js-calendar": "^1.2.3",
        "lodash.throttle": "^4.1.1",
        "popper.js": "^1.14.6",
        "tinycolor2": "^1.4.1",
        "v-click-outside-x": "^3.5.6"
      }
    },
    "iview-loader": {
      "version": "1.2.2",
      "resolved": "https://registry.npmjs.org/iview-loader/-/iview-loader-1.2.2.tgz",
      "integrity": "sha512-mfnLOsaGcsb570G4Aa9WX7rPle+tNkBEApaCSxUrqtOI6aXBkkETO9rUrbrV0CjH96XQY3AntqSWnNvDw6M+RQ==",
      "dev": true,
      "requires": {
        "loader-utils": "^1.1.0"
      }
    },
    "js-calendar": {
      "version": "1.2.3",
      "resolved": "https://registry.npmjs.org/js-calendar/-/js-calendar-1.2.3.tgz",
      "integrity": "sha512-dAA1/Zbp4+c5E+ARCVTIuKepXsNLzSYfzvOimiYD4S5eeP9QuplSHLcdhfqFSwyM1o1u6ku6RRRCyaZ0YAjiBw=="
    },
    "json5": {
      "version": "1.0.1",
      "resolved": "https://registry.npmjs.org/json5/-/json5-1.0.1.tgz",
      "integrity": "sha512-aKS4WQjPenRxiQsC93MNfjx+nbF4PAdYzmd/1JIj8HYzqfbu86beTuNgXDzPknWk0n0uARlyewZo4s++ES36Ow==",
      "requires": {
        "minimist": "^1.2.0"
      }
    },
    "loader-utils": {
      "version": "1.2.3",
      "resolved": "https://registry.npmjs.org/loader-utils/-/loader-utils-1.2.3.tgz",
      "integrity": "sha512-fkpz8ejdnEMG3s37wGL07iSBDg99O9D5yflE9RGNH3hRdx9SOwYfnGYdZOUIZitN8E+E2vkq3MUMYMvPYl5ZZA==",
      "requires": {
        "big.js": "^5.2.2",
        "emojis-list": "^2.0.0",
        "json5": "^1.0.1"
      }
    },
    "lodash.throttle": {
      "version": "4.1.1",
      "resolved": "https://registry.npmjs.org/lodash.throttle/-/lodash.throttle-4.1.1.tgz",
      "integrity": "sha1-wj6RtxAkKscMN/HhzaknTMOb8vQ="
    },
    "minimist": {
      "version": "1.2.0",
      "resolved": "https://registry.npmjs.org/minimist/-/minimist-1.2.0.tgz",
      "integrity": "sha1-o1AIsg9BOD7sH7kU9M1d95omQoQ="
    },
    "popper.js": {
      "version": "1.15.0",
      "resolved": "https://registry.npmjs.org/popper.js/-/popper.js-1.15.0.tgz",
      "integrity": "sha512-w010cY1oCUmI+9KwwlWki+r5jxKfTFDVoadl7MSrIujHU5MJ5OR6HTDj6Xo8aoR/QsA56x8jKjA59qGH4ELtrA=="
    },
    "regenerator-runtime": {
      "version": "0.11.1",
      "resolved": "https://registry.npmjs.org/regenerator-runtime/-/regenerator-runtime-0.11.1.tgz",
      "integrity": "sha512-MguG95oij0fC3QV3URf4V2SDYGJhJnJGqvIIgdECeODCT98wSWDAJ94SSuVpYQUoTcGUIL6L4yNB7j1DFFHSBg=="
    },
    "tinycolor2": {
      "version": "1.4.1",
      "resolved": "https://registry.npmjs.org/tinycolor2/-/tinycolor2-1.4.1.tgz",
      "integrity": "sha1-9PrTM0R7wLB9TcjpIJ2POaisd+g="
    },
    "v-click-outside-x": {
      "version": "3.7.1",
      "resolved": "https://registry.npmjs.org/v-click-outside-x/-/v-click-outside-x-3.7.1.tgz",
      "integrity": "sha512-WmUgmcIXr9clVpm1AYS/FgHtcDicfnfoxgQCNg4O6vfk9GVnxA0vSqO321ogUo0b7czYTidj7fQENvWFMWOkUg=="
    }
  }
}
